dependencies:
- name: postgresql
  repository: https://charts.bitnami.com/bitnami
  version: 18.7.8
- name: pgbouncer
  repository: file://charts/pgbouncer
  version: 0.1.0
- name: redis
  repository: https://charts.bitnami.com/bitnami
  version: 27.0.12
- name: minio
  repository: https://charts.bitnami.com/bitnami
  version: 17.0.21
- name: keycloak
  repository: https://charts.bitnami.com/bitnami
  version: 25.2.0
- name: langfuse
  repository: https://langfuse.github.io/langfuse-k8s
  version: 1.5.36
- name: clickhouse
  repository: https://charts.bitnami.com/bitnami
  version: 9.4.4
- name: appsmith
  repository: https://helm.appsmith.com
  version: 3.8.1
- name: registry-api
  repository: file://charts/registry-api
  version: 0.2.0
- name: deploy-controller
  repository: file://charts/deploy-controller
  version: 0.1.0
- name: safety-orchestrator
  repository: file://charts/safety-orchestrator
  version: 0.1.0
- name: llm-guard
  repository: file://charts/llm-guard
  version: 0.1.0
- name: presidio
  repository: file://charts/presidio
  version: 0.1.0
- name: nemo
  repository: file://charts/nemo
  version: 0.1.0
- name: portkey
  repository: file://charts/portkey
  version: 0.1.0
- name: opa
  repository: file://charts/opa
  version: 0.1.0
- name: studio
  repository: file://charts/studio
  version: 0.1.0
digest: sha256:0b9b29557f2e89b7e989365d0dc7d123e4dc329fee876f572a952525d2b59c7a
generated: "2026-06-26T07:40:04.02809-05:00"
