dependencies:
- name: postgresql
  repository: https://charts.bitnami.com/bitnami
  version: 18.8.0
- name: pgbouncer
  repository: file://charts/pgbouncer
  version: 0.1.0
- name: redis
  repository: https://charts.bitnami.com/bitnami
  version: 27.0.15
- name: minio
  repository: https://charts.bitnami.com/bitnami
  version: 17.0.21
- name: keycloak
  repository: https://charts.bitnami.com/bitnami
  version: 25.2.0
- name: langfuse
  repository: https://langfuse.github.io/langfuse-k8s
  version: 1.5.39
- name: clickhouse
  repository: https://charts.bitnami.com/bitnami
  version: 9.4.4
- name: appsmith
  repository: https://helm.appsmith.com
  version: 3.9.0
- name: registry-api
  repository: file://charts/registry-api
  version: 0.2.0
- name: deploy-controller
  repository: file://charts/deploy-controller
  version: 0.1.7
- name: scheduler
  repository: file://charts/scheduler
  version: 0.1.0
- name: safety-orchestrator
  repository: file://charts/safety-orchestrator
  version: 0.1.1
- name: llm-guard
  repository: file://charts/llm-guard
  version: 0.1.1
- name: presidio
  repository: file://charts/presidio
  version: 0.1.1
- name: nemo
  repository: file://charts/nemo
  version: 0.1.1
- name: portkey
  repository: file://charts/portkey
  version: 0.1.1
- name: opa
  repository: file://charts/opa
  version: 0.1.0
- name: studio
  repository: file://charts/studio
  version: 0.1.1
- name: python-executor
  repository: file://charts/python-executor
  version: 0.1.0
- name: envoy-gateway
  repository: file://charts/envoy-gateway
  version: 0.2.0
- name: event-gateway
  repository: file://charts/event-gateway
  version: 0.1.0
digest: sha256:cc179f2d03272e41988e42ff3718ff4158941df542b31ed60e1dac8fb29666a0
generated: "2026-07-15T15:55:37.56631-05:00"
