dependencies:
- name: postgresql
  repository: https://charts.bitnami.com/bitnami
  version: 18.7.12
- name: pgbouncer
  repository: file://charts/pgbouncer
  version: 0.1.0
- name: redis
  repository: https://charts.bitnami.com/bitnami
  version: 27.0.14
- name: minio
  repository: https://charts.bitnami.com/bitnami
  version: 17.0.21
- name: keycloak
  repository: https://charts.bitnami.com/bitnami
  version: 25.2.0
- name: langfuse
  repository: https://langfuse.github.io/langfuse-k8s
  version: 1.5.38
- name: clickhouse
  repository: https://charts.bitnami.com/bitnami
  version: 9.4.4
- name: appsmith
  repository: https://helm.appsmith.com
  version: 3.9.0
- name: registry-api
  repository: file://charts/registry-api
  version: 0.2.0
- name: deploy-controller
  repository: file://charts/deploy-controller
  version: 0.1.6
- name: scheduler
  repository: file://charts/scheduler
  version: 0.1.0
- name: safety-orchestrator
  repository: file://charts/safety-orchestrator
  version: 0.1.1
- name: llm-guard
  repository: file://charts/llm-guard
  version: 0.1.1
- name: presidio
  repository: file://charts/presidio
  version: 0.1.1
- name: nemo
  repository: file://charts/nemo
  version: 0.1.1
- name: portkey
  repository: file://charts/portkey
  version: 0.1.1
- name: opa
  repository: file://charts/opa
  version: 0.1.0
- name: studio
  repository: file://charts/studio
  version: 0.1.1
- name: python-executor
  repository: file://charts/python-executor
  version: 0.1.0
- name: envoy-gateway
  repository: file://charts/envoy-gateway
  version: 0.1.0
- name: event-gateway
  repository: file://charts/event-gateway
  version: 0.1.0
digest: sha256:4ce6523b9037027fc9c1243bdbc1ca38ec4cc63a35903eef951e809d6d751055
generated: "2026-07-07T16:17:59.645271-05:00"
